
Microsoft Visual Studio Solution File, Format Version 12.00
# Visual Studio Version 17
VisualStudioVersion = 17.4.33122.133
MinimumVisualStudioVersion = 10.0.40219.1
Project("{9A19103F-16F7-4668-BE54-9A1E7A4F7556}") = "JoberMQ.Client.Net", "src\JoberMQ.Client.Net\JoberMQ.Client.Net.csproj", "{75450E30-8614-457B-A604-1D9153E02659}"
EndProject
Project("{2150E333-8FDC-42A3-9474-1A3956D46DE8}") = "docs", "docs", "{76B48139-6F32-4A2B-AB07-5CAC26783C26}"
EndProject
Project("{2150E333-8FDC-42A3-9474-1A3956D46DE8}") = "examples", "examples", "{FB55AB12-FA4C-4EAE-BE8D-FE00CA84CDEB}"
EndProject
Project("{2150E333-8FDC-42A3-9474-1A3956D46DE8}") = "src", "src", "{A4AAA401-E7CB-436C-9F17-C47731B5AD0C}"
EndProject
Project("{2150E333-8FDC-42A3-9474-1A3956D46DE8}") = "Library", "Library", "{2058E2F9-31B7-43E4-A559-61DE41BE9053}"
EndProject
Project("{2150E333-8FDC-42A3-9474-1A3956D46DE8}") = "Presentation - Library", "Presentation - Library", "{79CB695E-A334-41A1-A508-3E42032D97E3}"
EndProject
Project("{2150E333-8FDC-42A3-9474-1A3956D46DE8}") = "test", "test", "{6773A4DC-4368-4283-A283-7E5FB4D25066}"
EndProject
Project("{9A19103F-16F7-4668-BE54-9A1E7A4F7556}") = "JoberMQ.Common", "src\JoberMQ.Common\JoberMQ.Common.csproj", "{82C2A369-1FF3-47BC-A757-00FF68A908B7}"
EndProject
Global
	GlobalSection(SolutionConfigurationPlatforms) = preSolution
		Debug|Any CPU = Debug|Any CPU
		Release|Any CPU = Release|Any CPU
	EndGlobalSection
	GlobalSection(ProjectConfigurationPlatforms) = postSolution
		{75450E30-8614-457B-A604-1D9153E02659}.Debug|Any CPU.ActiveCfg = Debug|Any CPU
		{75450E30-8614-457B-A604-1D9153E02659}.Debug|Any CPU.Build.0 = Debug|Any CPU
		{75450E30-8614-457B-A604-1D9153E02659}.Release|Any CPU.ActiveCfg = Release|Any CPU
		{75450E30-8614-457B-A604-1D9153E02659}.Release|Any CPU.Build.0 = Release|Any CPU
		{82C2A369-1FF3-47BC-A757-00FF68A908B7}.Debug|Any CPU.ActiveCfg = Debug|Any CPU
		{82C2A369-1FF3-47BC-A757-00FF68A908B7}.Debug|Any CPU.Build.0 = Debug|Any CPU
		{82C2A369-1FF3-47BC-A757-00FF68A908B7}.Release|Any CPU.ActiveCfg = Release|Any CPU
		{82C2A369-1FF3-47BC-A757-00FF68A908B7}.Release|Any CPU.Build.0 = Release|Any CPU
	EndGlobalSection
	GlobalSection(SolutionProperties) = preSolution
		HideSolutionNode = FALSE
	EndGlobalSection
	GlobalSection(NestedProjects) = preSolution
		{75450E30-8614-457B-A604-1D9153E02659} = {79CB695E-A334-41A1-A508-3E42032D97E3}
		{2058E2F9-31B7-43E4-A559-61DE41BE9053} = {A4AAA401-E7CB-436C-9F17-C47731B5AD0C}
		{79CB695E-A334-41A1-A508-3E42032D97E3} = {A4AAA401-E7CB-436C-9F17-C47731B5AD0C}
	EndGlobalSection
	GlobalSection(ExtensibilityGlobals) = postSolution
		SolutionGuid = {49CD25B3-E433-4F77-827E-4AD2DA834E0A}
	EndGlobalSection
EndGlobal
